// !$*UTF8*$!
{
	archiveVersion = 1;
	classes = {
	};
	objectVersion = 55;
	objects = {

/* Begin PBXBuildFile section */
		2ECAC2AC284F44B400320A1E /* AppDelegate.swift in Sources */ = {isa = PBXBuildFile; fileRef = 2ECAC2AB284F44B400320A1E /* AppDelegate.swift */; };
		2ECAC2AE284F44B400320A1E /* SceneDelegate.swift in Sources */ = {isa = PBXBuildFile; fileRef = 2ECAC2AD284F44B400320A1E /* SceneDelegate.swift */; };
		2ECAC2B5284F44B800320A1E /* Assets.xcassets in Resources */ = {isa = PBXBuildFile; fileRef = 2ECAC2B4284F44B800320A1E /* Assets.xcassets */; };
		2ECAC2B8284F44B800320A1E /* LaunchScreen.storyboard in Resources */ = {isa = PBXBuildFile; fileRef = 2ECAC2B6284F44B800320A1E /* LaunchScreen.storyboard */; };
		2ECAC2C6284F4D9200320A1E /* AppFonts.swift in Sources */ = {isa = PBXBuildFile; fileRef = 2ECAC2C5284F4D9200320A1E /* AppFonts.swift */; };
		2ECAC2C8284F4DA000320A1E /* Colors.swift in Sources */ = {isa = PBXBuildFile; fileRef = 2ECAC2C7284F4DA000320A1E /* Colors.swift */; };
		2ECAC2CF284F58EB00320A1E /* Inter-Light.ttf in Resources */ = {isa = PBXBuildFile; fileRef = 2ECAC2CA284F571500320A1E /* Inter-Light.ttf */; };
		2ECAC2D0284F58EE00320A1E /* Inter-Regular.ttf in Resources */ = {isa = PBXBuildFile; fileRef = 2ECAC2CB284F572200320A1E /* Inter-Regular.ttf */; };
		2ECAC2D1284F58F000320A1E /* Inter-Medium.ttf in Resources */ = {isa = PBXBuildFile; fileRef = 2ECAC2CC284F573400320A1E /* Inter-Medium.ttf */; };
		2ECAC2D2284F58F400320A1E /* Inter-Bold.ttf in Resources */ = {isa = PBXBuildFile; fileRef = 2ECAC2CD284F573E00320A1E /* Inter-Bold.ttf */; };
		2ECAC2D3284F58F600320A1E /* Inter-SemiBold.ttf in Resources */ = {isa = PBXBuildFile; fileRef = 2ECAC2CE284F574300320A1E /* Inter-SemiBold.ttf */; };
		2ECAC2D5284F5CCA00320A1E /* MainViewController.swift in Sources */ = {isa = PBXBuildFile; fileRef = 2ECAC2D4284F5CCA00320A1E /* MainViewController.swift */; };
		2ECAC2D7284F5CE000320A1E /* MainAssembly.swift in Sources */ = {isa = PBXBuildFile; fileRef = 2ECAC2D6284F5CE000320A1E /* MainAssembly.swift */; };
		2ECAC2D9284F5D0200320A1E /* CurrencyAssemly.swift in Sources */ = {isa = PBXBuildFile; fileRef = 2ECAC2D8284F5D0200320A1E /* CurrencyAssemly.swift */; };
		2ECAC2DB284F5D1300320A1E /* AccountAssembly.swift in Sources */ = {isa = PBXBuildFile; fileRef = 2ECAC2DA284F5D1300320A1E /* AccountAssembly.swift */; };
		2ECAC2DD284F5D2700320A1E /* CurrencyViewController.swift in Sources */ = {isa = PBXBuildFile; fileRef = 2ECAC2DC284F5D2700320A1E /* CurrencyViewController.swift */; };
		2ECAC2DF284F5D3500320A1E /* AccountViewController.swift in Sources */ = {isa = PBXBuildFile; fileRef = 2ECAC2DE284F5D3500320A1E /* AccountViewController.swift */; };
		2ECAC2E1284F5EAD00320A1E /* TabbarAssembly.swift in Sources */ = {isa = PBXBuildFile; fileRef = 2ECAC2E0284F5EAD00320A1E /* TabbarAssembly.swift */; };
		2ECAC2E6284F6E9100320A1E /* MainGreetingView.swift in Sources */ = {isa = PBXBuildFile; fileRef = 2ECAC2E5284F6E9100320A1E /* MainGreetingView.swift */; };
		2ECAC2E9284F72C600320A1E /* SnapKit in Frameworks */ = {isa = PBXBuildFile; productRef = 2ECAC2E8284F72C600320A1E /* SnapKit */; };
		2ECAC2EC284F9E5D00320A1E /* BigLabelButtonView.swift in Sources */ = {isa = PBXBuildFile; fileRef = 2ECAC2EB284F9E5D00320A1E /* BigLabelButtonView.swift */; };
		2ECAC2EE284FA79100320A1E /* NewCardAssembly.swift in Sources */ = {isa = PBXBuildFile; fileRef = 2ECAC2ED284FA79100320A1E /* NewCardAssembly.swift */; };
		2ECAC2F0284FA7A700320A1E /* NewCardViewController.swift in Sources */ = {isa = PBXBuildFile; fileRef = 2ECAC2EF284FA7A700320A1E /* NewCardViewController.swift */; };
		2ECAC2F4284FA8E900320A1E /* PaymentsCellModel.swift in Sources */ = {isa = PBXBuildFile; fileRef = 2ECAC2F3284FA8E900320A1E /* PaymentsCellModel.swift */; };
		2ECAC2F6284FA8FC00320A1E /* CardCellModel.swift in Sources */ = {isa = PBXBuildFile; fileRef = 2ECAC2F5284FA8FC00320A1E /* CardCellModel.swift */; };
		2ECAC2F9284FB05100320A1E /* CardCell.swift in Sources */ = {isa = PBXBuildFile; fileRef = 2ECAC2F8284FB05100320A1E /* CardCell.swift */; };
		2ECAC2FB284FB06200320A1E /* CardCollectionViewCell.swift in Sources */ = {isa = PBXBuildFile; fileRef = 2ECAC2FA284FB06200320A1E /* CardCollectionViewCell.swift */; };
		2ECAC2FD284FB07500320A1E /* PaymentsCollectionViewCell.swift in Sources */ = {isa = PBXBuildFile; fileRef = 2ECAC2FC284FB07500320A1E /* PaymentsCollectionViewCell.swift */; };
		2ECAC2FF284FD1EA00320A1E /* CardView.swift in Sources */ = {isa = PBXBuildFile; fileRef = 2ECAC2FE284FD1EA00320A1E /* CardView.swift */; };
/* End PBXBuildFile section */

/* Begin PBXFileReference section */
		2ECAC2A8284F44B400320A1E /* MobileBankingApp.app */ = {isa = PBXFileReference; explicitFileType = wrapper.application; includeInIndex = 0; path = MobileBankingApp.app; sourceTree = BUILT_PRODUCTS_DIR; };
		2ECAC2AB284F44B400320A1E /* AppDelegate.swift */ = {isa = PBXFileReference; lastKnownFileType = sourcecode.swift; path = AppDelegate.swift; sourceTree = "<group>"; };
		2ECAC2AD284F44B400320A1E /* SceneDelegate.swift */ = {isa = PBXFileReference; lastKnownFileType = sourcecode.swift; path = SceneDelegate.swift; sourceTree = "<group>"; };
		2ECAC2B4284F44B800320A1E /* Assets.xcassets */ = {isa = PBXFileReference; lastKnownFileType = folder.assetcatalog; path = Assets.xcassets; sourceTree = "<group>"; };
		2ECAC2B7284F44B800320A1E /* Base */ = {isa = PBXFileReference; lastKnownFileType = file.storyboard; name = Base; path = Base.lproj/LaunchScreen.storyboard; sourceTree = "<group>"; };
		2ECAC2B9284F44B800320A1E /* Info.plist */ = {isa = PBXFileReference; lastKnownFileType = text.plist.xml; path = Info.plist; sourceTree = "<group>"; };
		2ECAC2C5284F4D9200320A1E /* AppFonts.swift */ = {isa = PBXFileReference; lastKnownFileType = sourcecode.swift; path = AppFonts.swift; sourceTree = "<group>"; };
		2ECAC2C7284F4DA000320A1E /* Colors.swift */ = {isa = PBXFileReference; lastKnownFileType = sourcecode.swift; path = Colors.swift; sourceTree = "<group>"; };
		2ECAC2CA284F571500320A1E /* Inter-Light.ttf */ = {isa = PBXFileReference; lastKnownFileType = file; path = "Inter-Light.ttf"; sourceTree = "<group>"; };
		2ECAC2CB284F572200320A1E /* Inter-Regular.ttf */ = {isa = PBXFileReference; lastKnownFileType = file; path = "Inter-Regular.ttf"; sourceTree = "<group>"; };
		2ECAC2CC284F573400320A1E /* Inter-Medium.ttf */ = {isa = PBXFileReference; lastKnownFileType = file; path = "Inter-Medium.ttf"; sourceTree = "<group>"; };
		2ECAC2CD284F573E00320A1E /* Inter-Bold.ttf */ = {isa = PBXFileReference; lastKnownFileType = file; path = "Inter-Bold.ttf"; sourceTree = "<group>"; };
		2ECAC2CE284F574300320A1E /* Inter-SemiBold.ttf */ = {isa = PBXFileReference; lastKnownFileType = file; path = "Inter-SemiBold.ttf"; sourceTree = "<group>"; };
		2ECAC2D4284F5CCA00320A1E /* MainViewController.swift */ = {isa = PBXFileReference; lastKnownFileType = sourcecode.swift; path = MainViewController.swift; sourceTree = "<group>"; };
		2ECAC2D6284F5CE000320A1E /* MainAssembly.swift */ = {isa = PBXFileReference; lastKnownFileType = sourcecode.swift; path = MainAssembly.swift; sourceTree = "<group>"; };
		2ECAC2D8284F5D0200320A1E /* CurrencyAssemly.swift */ = {isa = PBXFileReference; lastKnownFileType = sourcecode.swift; path = CurrencyAssemly.swift; sourceTree = "<group>"; };
		2ECAC2DA284F5D1300320A1E /* AccountAssembly.swift */ = {isa = PBXFileReference; lastKnownFileType = sourcecode.swift; path = AccountAssembly.swift; sourceTree = "<group>"; };
		2ECAC2DC284F5D2700320A1E /* CurrencyViewController.swift */ = {isa = PBXFileReference; lastKnownFileType = sourcecode.swift; path = CurrencyViewController.swift; sourceTree = "<group>"; };
		2ECAC2DE284F5D3500320A1E /* AccountViewController.swift */ = {isa = PBXFileReference; lastKnownFileType = sourcecode.swift; path = AccountViewController.swift; sourceTree = "<group>"; };
		2ECAC2E0284F5EAD00320A1E /* TabbarAssembly.swift */ = {isa = PBXFileReference; lastKnownFileType = sourcecode.swift; path = TabbarAssembly.swift; sourceTree = "<group>"; };
		2ECAC2E5284F6E9100320A1E /* MainGreetingView.swift */ = {isa = PBXFileReference; lastKnownFileType = sourcecode.swift; path = MainGreetingView.swift; sourceTree = "<group>"; };
		2ECAC2EB284F9E5D00320A1E /* BigLabelButtonView.swift */ = {isa = PBXFileReference; lastKnownFileType = sourcecode.swift; path = BigLabelButtonView.swift; sourceTree = "<group>"; };
		2ECAC2ED284FA79100320A1E /* NewCardAssembly.swift */ = {isa = PBXFileReference; lastKnownFileType = sourcecode.swift; path = NewCardAssembly.swift; sourceTree = "<group>"; };
		2ECAC2EF284FA7A700320A1E /* NewCardViewController.swift */ = {isa = PBXFileReference; lastKnownFileType = sourcecode.swift; path = NewCardViewController.swift; sourceTree = "<group>"; };
		2ECAC2F3284FA8E900320A1E /* PaymentsCellModel.swift */ = {isa = PBXFileReference; lastKnownFileType = sourcecode.swift; path = PaymentsCellModel.swift; sourceTree = "<group>"; };
		2ECAC2F5284FA8FC00320A1E /* CardCellModel.swift */ = {isa = PBXFileReference; lastKnownFileType = sourcecode.swift; path = CardCellModel.swift; sourceTree = "<group>"; };
		2ECAC2F8284FB05100320A1E /* CardCell.swift */ = {isa = PBXFileReference; lastKnownFileType = sourcecode.swift; path = CardCell.swift; sourceTree = "<group>"; };
		2ECAC2FA284FB06200320A1E /* CardCollectionViewCell.swift */ = {isa = PBXFileReference; lastKnownFileType = sourcecode.swift; path = CardCollectionViewCell.swift; sourceTree = "<group>"; };
		2ECAC2FC284FB07500320A1E /* PaymentsCollectionViewCell.swift */ = {isa = PBXFileReference; lastKnownFileType = sourcecode.swift; path = PaymentsCollectionViewCell.swift; sourceTree = "<group>"; };
		2ECAC2FE284FD1EA00320A1E /* CardView.swift */ = {isa = PBXFileReference; lastKnownFileType = sourcecode.swift; path = CardView.swift; sourceTree = "<group>"; };
/* End PBXFileReference section */

/* Begin PBXFrameworksBuildPhase section */
		2ECAC2A5284F44B400320A1E /* Frameworks */ = {
			isa = PBXFrameworksBuildPhase;
			buildActionMask = 2147483647;
			files = (
				2ECAC2E9284F72C600320A1E /* SnapKit in Frameworks */,
			);
			runOnlyForDeploymentPostprocessing = 0;
		};
/* End PBXFrameworksBuildPhase section */

/* Begin PBXGroup section */
		2ECAC29F284F44B400320A1E = {
			isa = PBXGroup;
			children = (
				2ECAC2AA284F44B400320A1E /* MobileBankingApp */,
				2ECAC2A9284F44B400320A1E /* Products */,
			);
			sourceTree = "<group>";
		};
		2ECAC2A9284F44B400320A1E /* Products */ = {
			isa = PBXGroup;
			children = (
				2ECAC2A8284F44B400320A1E /* MobileBankingApp.app */,
			);
			name = Products;
			sourceTree = "<group>";
		};
		2ECAC2AA284F44B400320A1E /* MobileBankingApp */ = {
			isa = PBXGroup;
			children = (
				2ECAC2C4284F4D4800320A1E /* SupportingFiles */,
				2ECAC2C3284F46FA00320A1E /* Tabbar */,
				2ECAC2C0284F468B00320A1E /* MainModule */,
				2ECAC2C1284F46BC00320A1E /* CurrencyModule */,
				2ECAC2C2284F46CA00320A1E /* AccountModule */,
				2ECAC2BF284F467E00320A1E /* Design */,
				2ECAC2B9284F44B800320A1E /* Info.plist */,
			);
			path = MobileBankingApp;
			sourceTree = "<group>";
		};
		2ECAC2BF284F467E00320A1E /* Design */ = {
			isa = PBXGroup;
			children = (
				2ECAC2EA284F9E1D00320A1E /* ReusableView */,
				2ECAC2C7284F4DA000320A1E /* Colors.swift */,
				2ECAC2C5284F4D9200320A1E /* AppFonts.swift */,
				2ECAC2C9284F4DA500320A1E /* Fonts */,
				2ECAC2B4284F44B800320A1E /* Assets.xcassets */,
			);
			path = Design;
			sourceTree = "<group>";
		};
		2ECAC2C0284F468B00320A1E /* MainModule */ = {
			isa = PBXGroup;
			children = (
				2ECAC2D6284F5CE000320A1E /* MainAssembly.swift */,
				2ECAC2F2284FA8C800320A1E /* Models */,
				2ECAC2E2284F693E00320A1E /* View */,
			);
			path = MainModule;
			sourceTree = "<group>";
		};
		2ECAC2C1284F46BC00320A1E /* CurrencyModule */ = {
			isa = PBXGroup;
			children = (
				2ECAC2D8284F5D0200320A1E /* CurrencyAssemly.swift */,
				2ECAC2E3284F694B00320A1E /* View */,
			);
			path = CurrencyModule;
			sourceTree = "<group>";
		};
		2ECAC2C2284F46CA00320A1E /* AccountModule */ = {
			isa = PBXGroup;
			children = (
				2ECAC2DA284F5D1300320A1E /* AccountAssembly.swift */,
				2ECAC2E4284F695B00320A1E /* View */,
			);
			path = AccountModule;
			sourceTree = "<group>";
		};
		2ECAC2C3284F46FA00320A1E /* Tabbar */ = {
			isa = PBXGroup;
			children = (
				2ECAC2E0284F5EAD00320A1E /* TabbarAssembly.swift */,
			);
			path = Tabbar;
			sourceTree = "<group>";
		};
		2ECAC2C4284F4D4800320A1E /* SupportingFiles */ = {
			isa = PBXGroup;
			children = (
				2ECAC2AD284F44B400320A1E /* SceneDelegate.swift */,
				2ECAC2B6284F44B800320A1E /* LaunchScreen.storyboard */,
				2ECAC2AB284F44B400320A1E /* AppDelegate.swift */,
			);
			path = SupportingFiles;
			sourceTree = "<group>";
		};
		2ECAC2C9284F4DA500320A1E /* Fonts */ = {
			isa = PBXGroup;
			children = (
				2ECAC2CA284F571500320A1E /* Inter-Light.ttf */,
				2ECAC2CB284F572200320A1E /* Inter-Regular.ttf */,
				2ECAC2CC284F573400320A1E /* Inter-Medium.ttf */,
				2ECAC2CD284F573E00320A1E /* Inter-Bold.ttf */,
				2ECAC2CE284F574300320A1E /* Inter-SemiBold.ttf */,
			);
			path = Fonts;
			sourceTree = "<group>";
		};
		2ECAC2E2284F693E00320A1E /* View */ = {
			isa = PBXGroup;
			children = (
				2ECAC2D4284F5CCA00320A1E /* MainViewController.swift */,
				2ECAC2E5284F6E9100320A1E /* MainGreetingView.swift */,
				2ECAC2FE284FD1EA00320A1E /* CardView.swift */,
				2ECAC2F7284FAFF200320A1E /* Cell */,
				2ECAC2F1284FA81A00320A1E /* NewCardModule */,
			);
			path = View;
			sourceTree = "<group>";
		};
		2ECAC2E3284F694B00320A1E /* View */ = {
			isa = PBXGroup;
			children = (
				2ECAC2DC284F5D2700320A1E /* CurrencyViewController.swift */,
			);
			path = View;
			sourceTree = "<group>";
		};
		2ECAC2E4284F695B00320A1E /* View */ = {
			isa = PBXGroup;
			children = (
				2ECAC2DE284F5D3500320A1E /* AccountViewController.swift */,
			);
			path = View;
			sourceTree = "<group>";
		};
		2ECAC2EA284F9E1D00320A1E /* ReusableView */ = {
			isa = PBXGroup;
			children = (
				2ECAC2EB284F9E5D00320A1E /* BigLabelButtonView.swift */,
			);
			path = ReusableView;
			sourceTree = "<group>";
		};
		2ECAC2F1284FA81A00320A1E /* NewCardModule */ = {
			isa = PBXGroup;
			children = (
				2ECAC2ED284FA79100320A1E /* NewCardAssembly.swift */,
				2ECAC2EF284FA7A700320A1E /* NewCardViewController.swift */,
			);
			path = NewCardModule;
			sourceTree = "<group>";
		};
		2ECAC2F2284FA8C800320A1E /* Models */ = {
			isa = PBXGroup;
			children = (
				2ECAC2F3284FA8E900320A1E /* PaymentsCellModel.swift */,
				2ECAC2F5284FA8FC00320A1E /* CardCellModel.swift */,
			);
			path = Models;
			sourceTree = "<group>";
		};
		2ECAC2F7284FAFF200320A1E /* Cell */ = {
			isa = PBXGroup;
			children = (
				2ECAC2F8284FB05100320A1E /* CardCell.swift */,
				2ECAC2FC284FB07500320A1E /* PaymentsCollectionViewCell.swift */,
				2ECAC2FA284FB06200320A1E /* CardCollectionViewCell.swift */,
			);
			path = Cell;
			sourceTree = "<group>";
		};
/* End PBXGroup section */

/* Begin PBXNativeTarget section */
		2ECAC2A7284F44B400320A1E /* MobileBankingApp */ = {
			isa = PBXNativeTarget;
			buildConfigurationList = 2ECAC2BC284F44B800320A1E /* Build configuration list for PBXNativeTarget "MobileBankingApp" */;
			buildPhases = (
				2ECAC2A4284F44B400320A1E /* Sources */,
				2ECAC2A5284F44B400320A1E /* Frameworks */,
				2ECAC2A6284F44B400320A1E /* Resources */,
			);
			buildRules = (
			);
			dependencies = (
			);
			name = MobileBankingApp;
			packageProductDependencies = (
				2ECAC2E8284F72C600320A1E /* SnapKit */,
			);
			productName = MobileBankingApp;
			productReference = 2ECAC2A8284F44B400320A1E /* MobileBankingApp.app */;
			productType = "com.apple.product-type.application";
		};
/* End PBXNativeTarget section */

/* Begin PBXProject section */
		2ECAC2A0284F44B400320A1E /* Project object */ = {
			isa = PBXProject;
			attributes = {
				BuildIndependentTargetsInParallel = 1;
				LastSwiftUpdateCheck = 1320;
				LastUpgradeCheck = 1320;
				TargetAttributes = {
					2ECAC2A7284F44B400320A1E = {
						CreatedOnToolsVersion = 13.2.1;
					};
				};
			};
			buildConfigurationList = 2ECAC2A3284F44B400320A1E /* Build configuration list for PBXProject "MobileBankingApp" */;
			compatibilityVersion = "Xcode 13.0";
			developmentRegion = en;
			hasScannedForEncodings = 0;
			knownRegions = (
				en,
				Base,
			);
			mainGroup = 2ECAC29F284F44B400320A1E;
			packageReferences = (
				2ECAC2E7284F72C600320A1E /* XCRemoteSwiftPackageReference "SnapKit" */,
			);
			productRefGroup = 2ECAC2A9284F44B400320A1E /* Products */;
			projectDirPath = "";
			projectRoot = "";
			targets = (
				2ECAC2A7284F44B400320A1E /* MobileBankingApp */,
			);
		};
/* End PBXProject section */

/* Begin PBXResourcesBuildPhase section */
		2ECAC2A6284F44B400320A1E /* Resources */ = {
			isa = PBXResourcesBuildPhase;
			buildActionMask = 2147483647;
			files = (
				2ECAC2D2284F58F400320A1E /* Inter-Bold.ttf in Resources */,
				2ECAC2B8284F44B800320A1E /* LaunchScreen.storyboard in Resources */,
				2ECAC2CF284F58EB00320A1E /* Inter-Light.ttf in Resources */,
				2ECAC2D0284F58EE00320A1E /* Inter-Regular.ttf in Resources */,
				2ECAC2D1284F58F000320A1E /* Inter-Medium.ttf in Resources */,
				2ECAC2B5284F44B800320A1E /* Assets.xcassets in Resources */,
				2ECAC2D3284F58F600320A1E /* Inter-SemiBold.ttf in Resources */,
			);
			runOnlyForDeploymentPostprocessing = 0;
		};
/* End PBXResourcesBuildPhase section */

/* Begin PBXSourcesBuildPhase section */
		2ECAC2A4284F44B400320A1E /* Sources */ = {
			isa = PBXSourcesBuildPhase;
			buildActionMask = 2147483647;
			files = (
				2ECAC2EC284F9E5D00320A1E /* BigLabelButtonView.swift in Sources */,
				2ECAC2C6284F4D9200320A1E /* AppFonts.swift in Sources */,
				2ECAC2FD284FB07500320A1E /* PaymentsCollectionViewCell.swift in Sources */,
				2ECAC2C8284F4DA000320A1E /* Colors.swift in Sources */,
				2ECAC2F6284FA8FC00320A1E /* CardCellModel.swift in Sources */,
				2ECAC2E1284F5EAD00320A1E /* TabbarAssembly.swift in Sources */,
				2ECAC2F4284FA8E900320A1E /* PaymentsCellModel.swift in Sources */,
				2ECAC2FF284FD1EA00320A1E /* CardView.swift in Sources */,
				2ECAC2FB284FB06200320A1E /* CardCollectionViewCell.swift in Sources */,
				2ECAC2AC284F44B400320A1E /* AppDelegate.swift in Sources */,
				2ECAC2AE284F44B400320A1E /* SceneDelegate.swift in Sources */,
				2ECAC2EE284FA79100320A1E /* NewCardAssembly.swift in Sources */,
				2ECAC2DD284F5D2700320A1E /* CurrencyViewController.swift in Sources */,
				2ECAC2D7284F5CE000320A1E /* MainAssembly.swift in Sources */,
				2ECAC2DF284F5D3500320A1E /* AccountViewController.swift in Sources */,
				2ECAC2DB284F5D1300320A1E /* AccountAssembly.swift in Sources */,
				2ECAC2F0284FA7A700320A1E /* NewCardViewController.swift in Sources */,
				2ECAC2D9284F5D0200320A1E /* CurrencyAssemly.swift in Sources */,
				2ECAC2E6284F6E9100320A1E /* MainGreetingView.swift in Sources */,
				2ECAC2D5284F5CCA00320A1E /* MainViewController.swift in Sources */,
				2ECAC2F9284FB05100320A1E /* CardCell.swift in Sources */,
			);
			runOnlyForDeploymentPostprocessing = 0;
		};
/* End PBXSourcesBuildPhase section */

/* Begin PBXVariantGroup section */
		2ECAC2B6284F44B800320A1E /* LaunchScreen.storyboard */ = {
			isa = PBXVariantGroup;
			children = (
				2ECAC2B7284F44B800320A1E /* Base */,
			);
			name = LaunchScreen.storyboard;
			sourceTree = "<group>";
		};
/* End PBXVariantGroup section */

/* Begin XCBuildConfiguration section */
		2ECAC2BA284F44B800320A1E /* Debug */ = {
			isa = XCBuildConfiguration;
			buildSettings = {
				ALWAYS_SEARCH_USER_PATHS = NO;
				CLANG_ANALYZER_NONNULL = YES;
				CLANG_ANALYZER_NUMBER_OBJECT_CONVERSION = YES_AGGRESSIVE;
				CLANG_CXX_LANGUAGE_STANDARD = "gnu++17";
				CLANG_CXX_LIBRARY = "libc++";
				CLANG_ENABLE_MODULES = YES;
				CLANG_ENABLE_OBJC_ARC = YES;
				CLANG_ENABLE_OBJC_WEAK = YES;
				CLANG_WARN_BLOCK_CAPTURE_AUTORELEASING = YES;
				CLANG_WARN_BOOL_CONVERSION = YES;
				CLANG_WARN_COMMA = YES;
				CLANG_WARN_CONSTANT_CONVERSION = YES;
				CLANG_WARN_DEPRECATED_OBJC_IMPLEMENTATIONS = YES;
				CLANG_WARN_DIRECT_OBJC_ISA_USAGE = YES_ERROR;
				CLANG_WARN_DOCUMENTATION_COMMENTS = YES;
				CLANG_WARN_EMPTY_BODY = YES;
				CLANG_WARN_ENUM_CONVERSION = YES;
				CLANG_WARN_INFINITE_RECURSION = YES;
				CLANG_WARN_INT_CONVERSION = YES;
				CLANG_WARN_NON_LITERAL_NULL_CONVERSION = YES;
				CLANG_WARN_OBJC_IMPLICIT_RETAIN_SELF = YES;
				CLANG_WARN_OBJC_LITERAL_CONVERSION = YES;
				CLANG_WARN_OBJC_ROOT_CLASS = YES_ERROR;
				CLANG_WARN_QUOTED_INCLUDE_IN_FRAMEWORK_HEADER = YES;
				CLANG_WARN_RANGE_LOOP_ANALYSIS = YES;
				CLANG_WARN_STRICT_PROTOTYPES = YES;
				CLANG_WARN_SUSPICIOUS_MOVE = YES;
				CLANG_WARN_UNGUARDED_AVAILABILITY = YES_AGGRESSIVE;
				CLANG_WARN_UNREACHABLE_CODE = YES;
				CLANG_WARN__DUPLICATE_METHOD_MATCH = YES;
				COPY_PHASE_STRIP = NO;
				DEBUG_INFORMATION_FORMAT = dwarf;
				ENABLE_STRICT_OBJC_MSGSEND = YES;
				ENABLE_TESTABILITY = YES;
				GCC_C_LANGUAGE_STANDARD = gnu11;
				GCC_DYNAMIC_NO_PIC = NO;
				GCC_NO_COMMON_BLOCKS = YES;
				GCC_OPTIMIZATION_LEVEL = 0;
				GCC_PREPROCESSOR_DEFINITIONS = (
					"DEBUG=1",
					"$(inherited)",
				);
				GCC_WARN_64_TO_32_BIT_CONVERSION = YES;
				GCC_WARN_ABOUT_RETURN_TYPE = YES_ERROR;
				GCC_WARN_UNDECLARED_SELECTOR = YES;
				GCC_WARN_UNINITIALIZED_AUTOS = YES_AGGRESSIVE;
				GCC_WARN_UNUSED_FUNCTION = YES;
				GCC_WARN_UNUSED_VARIABLE = YES;
				IPHONEOS_DEPLOYMENT_TARGET = 15.2;
				MTL_ENABLE_DEBUG_INFO = INCLUDE_SOURCE;
				MTL_FAST_MATH = YES;
				ONLY_ACTIVE_ARCH = YES;
				SDKROOT = iphoneos;
				SWIFT_ACTIVE_COMPILATION_CONDITIONS = DEBUG;
				SWIFT_OPTIMIZATION_LEVEL = "-Onone";
			};
			name = Debug;
		};
		2ECAC2BB284F44B800320A1E /* Release */ = {
			isa = XCBuildConfiguration;
			buildSettings = {
				ALWAYS_SEARCH_USER_PATHS = NO;
				CLANG_ANALYZER_NONNULL = YES;
				CLANG_ANALYZER_NUMBER_OBJECT_CONVERSION = YES_AGGRESSIVE;
				CLANG_CXX_LANGUAGE_STANDARD = "gnu++17";
				CLANG_CXX_LIBRARY = "libc++";
				CLANG_ENABLE_MODULES = YES;
				CLANG_ENABLE_OBJC_ARC = YES;
				CLANG_ENABLE_OBJC_WEAK = YES;
				CLANG_WARN_BLOCK_CAPTURE_AUTORELEASING = YES;
				CLANG_WARN_BOOL_CONVERSION = YES;
				CLANG_WARN_COMMA = YES;
				CLANG_WARN_CONSTANT_CONVERSION = YES;
				CLANG_WARN_DEPRECATED_OBJC_IMPLEMENTATIONS = YES;
				CLANG_WARN_DIRECT_OBJC_ISA_USAGE = YES_ERROR;
				CLANG_WARN_DOCUMENTATION_COMMENTS = YES;
				CLANG_WARN_EMPTY_BODY = YES;
				CLANG_WARN_ENUM_CONVERSION = YES;
				CLANG_WARN_INFINITE_RECURSION = YES;
				CLANG_WARN_INT_CONVERSION = YES;
				CLANG_WARN_NON_LITERAL_NULL_CONVERSION = YES;
				CLANG_WARN_OBJC_IMPLICIT_RETAIN_SELF = YES;
				CLANG_WARN_OBJC_LITERAL_CONVERSION = YES;
				CLANG_WARN_OBJC_ROOT_CLASS = YES_ERROR;
				CLANG_WARN_QUOTED_INCLUDE_IN_FRAMEWORK_HEADER = YES;
				CLANG_WARN_RANGE_LOOP_ANALYSIS = YES;
				CLANG_WARN_STRICT_PROTOTYPES = YES;
				CLANG_WARN_SUSPICIOUS_MOVE = YES;
				CLANG_WARN_UNGUARDED_AVAILABILITY = YES_AGGRESSIVE;
				CLANG_WARN_UNREACHABLE_CODE = YES;
				CLANG_WARN__DUPLICATE_METHOD_MATCH = YES;
				COPY_PHASE_STRIP = NO;
				DEBUG_INFORMATION_FORMAT = "dwarf-with-dsym";
				ENABLE_NS_ASSERTIONS = NO;
				ENABLE_STRICT_OBJC_MSGSEND = YES;
				GCC_C_LANGUAGE_STANDARD = gnu11;
				GCC_NO_COMMON_BLOCKS = YES;
				GCC_WARN_64_TO_32_BIT_CONVERSION = YES;
				GCC_WARN_ABOUT_RETURN_TYPE = YES_ERROR;
				GCC_WARN_UNDECLARED_SELECTOR = YES;
				GCC_WARN_UNINITIALIZED_AUTOS = YES_AGGRESSIVE;
				GCC_WARN_UNUSED_FUNCTION = YES;
				GCC_WARN_UNUSED_VARIABLE = YES;
				IPHONEOS_DEPLOYMENT_TARGET = 15.2;
				MTL_ENABLE_DEBUG_INFO = NO;
				MTL_FAST_MATH = YES;
				SDKROOT = iphoneos;
				SWIFT_COMPILATION_MODE = wholemodule;
				SWIFT_OPTIMIZATION_LEVEL = "-O";
				VALIDATE_PRODUCT = YES;
			};
			name = Release;
		};
		2ECAC2BD284F44B800320A1E /* Debug */ = {
			isa = XCBuildConfiguration;
			buildSettings = {
				ASSETCATALOG_COMPILER_APPICON_NAME = AppIcon;
				ASSETCATALOG_COMPILER_GLOBAL_ACCENT_COLOR_NAME = AccentColor;
				CODE_SIGN_STYLE = Automatic;
				CURRENT_PROJECT_VERSION = 1;
				GENERATE_INFOPLIST_FILE = YES;
				INFOPLIST_FILE = MobileBankingApp/Info.plist;
				INFOPLIST_KEY_UIApplicationSupportsIndirectInputEvents = YES;
				INFOPLIST_KEY_UILaunchStoryboardName = LaunchScreen;
				INFOPLIST_KEY_UISupportedInterfaceOrientations = "UIInterfaceOrientationPortrait UIInterfaceOrientationPortraitUpsideDown";
				INFOPLIST_KEY_UISupportedInterfaceOrientations_iPad = "UIInterfaceOrientationPortrait UIInterfaceOrientationPortraitUpsideDown UIInterfaceOrientationLandscapeLeft UIInterfaceOrientationLandscapeRight";
				INFOPLIST_KEY_UISupportedInterfaceOrientations_iPhone = "UIInterfaceOrientationPortrait UIInterfaceOrientationLandscapeLeft UIInterfaceOrientationLandscapeRight";
				LD_RUNPATH_SEARCH_PATHS = (
					"$(inherited)",
					"@executable_path/Frameworks",
				);
				MARKETING_VERSION = 1.0;
				PRODUCT_BUNDLE_IDENTIFIER = ru.laranweb.MobileBankingApp;
				PRODUCT_NAME = "$(TARGET_NAME)";
				SWIFT_EMIT_LOC_STRINGS = YES;
				SWIFT_VERSION = 5.0;
				TARGETED_DEVICE_FAMILY = 1;
			};
			name = Debug;
		};
		2ECAC2BE284F44B800320A1E /* Release */ = {
			isa = XCBuildConfiguration;
			buildSettings = {
				ASSETCATALOG_COMPILER_APPICON_NAME = AppIcon;
				ASSETCATALOG_COMPILER_GLOBAL_ACCENT_COLOR_NAME = AccentColor;
				CODE_SIGN_STYLE = Automatic;
				CURRENT_PROJECT_VERSION = 1;
				GENERATE_INFOPLIST_FILE = YES;
				INFOPLIST_FILE = MobileBankingApp/Info.plist;
				INFOPLIST_KEY_UIApplicationSupportsIndirectInputEvents = YES;
				INFOPLIST_KEY_UILaunchStoryboardName = LaunchScreen;
				INFOPLIST_KEY_UISupportedInterfaceOrientations = "UIInterfaceOrientationPortrait UIInterfaceOrientationPortraitUpsideDown";
				INFOPLIST_KEY_UISupportedInterfaceOrientations_iPad = "UIInterfaceOrientationPortrait UIInterfaceOrientationPortraitUpsideDown UIInterfaceOrientationLandscapeLeft UIInterfaceOrientationLandscapeRight";
				INFOPLIST_KEY_UISupportedInterfaceOrientations_iPhone = "UIInterfaceOrientationPortrait UIInterfaceOrientationLandscapeLeft UIInterfaceOrientationLandscapeRight";
				LD_RUNPATH_SEARCH_PATHS = (
					"$(inherited)",
					"@executable_path/Frameworks",
				);
				MARKETING_VERSION = 1.0;
				PRODUCT_BUNDLE_IDENTIFIER = ru.laranweb.MobileBankingApp;
				PRODUCT_NAME = "$(TARGET_NAME)";
				SWIFT_EMIT_LOC_STRINGS = YES;
				SWIFT_VERSION = 5.0;
				TARGETED_DEVICE_FAMILY = 1;
			};
			name = Release;
		};
/* End XCBuildConfiguration section */

/* Begin XCConfigurationList section */
		2ECAC2A3284F44B400320A1E /* Build configuration list for PBXProject "MobileBankingApp" */ = {
			isa = XCConfigurationList;
			buildConfigurations = (
				2ECAC2BA284F44B800320A1E /* Debug */,
				2ECAC2BB284F44B800320A1E /* Release */,
			);
			defaultConfigurationIsVisible = 0;
			defaultConfigurationName = Release;
		};
		2ECAC2BC284F44B800320A1E /* Build configuration list for PBXNativeTarget "MobileBankingApp" */ = {
			isa = XCConfigurationList;
			buildConfigurations = (
				2ECAC2BD284F44B800320A1E /* Debug */,
				2ECAC2BE284F44B800320A1E /* Release */,
			);
			defaultConfigurationIsVisible = 0;
			defaultConfigurationName = Release;
		};
/* End XCConfigurationList section */

/* Begin XCRemoteSwiftPackageReference section */
		2ECAC2E7284F72C600320A1E /* XCRemoteSwiftPackageReference "SnapKit" */ = {
			isa = XCRemoteSwiftPackageReference;
			repositoryURL = "https://github.com/SnapKit/SnapKit";
			requirement = {
				branch = develop;
				kind = branch;
			};
		};
/* End XCRemoteSwiftPackageReference section */

/* Begin XCSwiftPackageProductDependency section */
		2ECAC2E8284F72C600320A1E /* SnapKit */ = {
			isa = XCSwiftPackageProductDependency;
			package = 2ECAC2E7284F72C600320A1E /* XCRemoteSwiftPackageReference "SnapKit" */;
			productName = SnapKit;
		};
/* End XCSwiftPackageProductDependency section */
	};
	rootObject = 2ECAC2A0284F44B400320A1E /* Project object */;
}
